// !$*UTF8*$!
{
	archiveVersion = 1;
	classes = {
	};
	objectVersion = 56;
	objects = {

/* Begin PBXBuildFile section */
		0FFCF4812A7FFE8800966B55 /* AppDelegate.swift in Sources */ = {isa = PBXBuildFile; fileRef = 0FFCF4802A7FFE8800966B55 /* AppDelegate.swift */; };
		0FFCF4832A7FFE8800966B55 /* SceneDelegate.swift in Sources */ = {isa = PBXBuildFile; fileRef = 0FFCF4822A7FFE8800966B55 /* SceneDelegate.swift */; };
		0FFCF48A2A7FFE8900966B55 /* Assets.xcassets in Resources */ = {isa = PBXBuildFile; fileRef = 0FFCF4892A7FFE8900966B55 /* Assets.xcassets */; };
		0FFCF48D2A7FFE8900966B55 /* LaunchScreen.storyboard in Resources */ = {isa = PBXBuildFile; fileRef = 0FFCF48B2A7FFE8900966B55 /* LaunchScreen.storyboard */; };
		0FFCF4982A7FFE8900966B55 /* ImageSearchTests.swift in Sources */ = {isa = PBXBuildFile; fileRef = 0FFCF4972A7FFE8900966B55 /* ImageSearchTests.swift */; };
		0FFCF4A22A7FFE8900966B55 /* ImageSearchUITests.swift in Sources */ = {isa = PBXBuildFile; fileRef = 0FFCF4A12A7FFE8900966B55 /* ImageSearchUITests.swift */; };
		0FFCF4A42A7FFE8900966B55 /* ImageSearchUITestsLaunchTests.swift in Sources */ = {isa = PBXBuildFile; fileRef = 0FFCF4A32A7FFE8900966B55 /* ImageSearchUITestsLaunchTests.swift */; };
		0FFCF4B72A80041900966B55 /* Model.swift in Sources */ = {isa = PBXBuildFile; fileRef = 0FFCF4B62A80041900966B55 /* Model.swift */; };
		0FFCF4BA2A8004C100966B55 /* State.swift in Sources */ = {isa = PBXBuildFile; fileRef = 0FFCF4B92A8004C100966B55 /* State.swift */; };
		0FFCF4BE2A8006AC00966B55 /* LoadingListViewModel.swift in Sources */ = {isa = PBXBuildFile; fileRef = 0FFCF4BD2A8006AC00966B55 /* LoadingListViewModel.swift */; };
		0FFCF4C02A8006B800966B55 /* LoadingListState.swift in Sources */ = {isa = PBXBuildFile; fileRef = 0FFCF4BF2A8006B800966B55 /* LoadingListState.swift */; };
		0FFCF4C32A8008FA00966B55 /* Endpoint.swift in Sources */ = {isa = PBXBuildFile; fileRef = 0FFCF4C22A8008FA00966B55 /* Endpoint.swift */; };
		0FFCF4C52A80091100966B55 /* ApiService.swift in Sources */ = {isa = PBXBuildFile; fileRef = 0FFCF4C42A80091100966B55 /* ApiService.swift */; };
		0FFCF4C72A80092B00966B55 /* URLSessionApiService.swift in Sources */ = {isa = PBXBuildFile; fileRef = 0FFCF4C62A80092B00966B55 /* URLSessionApiService.swift */; };
		0FFCF4C92A8009BF00966B55 /* FlickrEndpoint.swift in Sources */ = {isa = PBXBuildFile; fileRef = 0FFCF4C82A8009BF00966B55 /* FlickrEndpoint.swift */; };
		0FFCF4CD2A800EA300966B55 /* MockApiService.swift in Sources */ = {isa = PBXBuildFile; fileRef = 0FFCF4CA2A800A9F00966B55 /* MockApiService.swift */; };
/* End PBXBuildFile section */

/* Begin PBXContainerItemProxy section */
		0FFCF4942A7FFE8900966B55 /* PBXContainerItemProxy */ = {
			isa = PBXContainerItemProxy;
			containerPortal = 0FFCF4752A7FFE8800966B55 /* Project object */;
			proxyType = 1;
			remoteGlobalIDString = 0FFCF47C2A7FFE8800966B55;
			remoteInfo = "image-search";
		};
		0FFCF49E2A7FFE8900966B55 /* PBXContainerItemProxy */ = {
			isa = PBXContainerItemProxy;
			containerPortal = 0FFCF4752A7FFE8800966B55 /* Project object */;
			proxyType = 1;
			remoteGlobalIDString = 0FFCF47C2A7FFE8800966B55;
			remoteInfo = "image-search";
		};
/* End PBXContainerItemProxy section */

/* Begin PBXFileReference section */
		0FFCF47D2A7FFE8800966B55 /* ImageSearch.app */ = {isa = PBXFileReference; explicitFileType = wrapper.application; includeInIndex = 0; path = ImageSearch.app; sourceTree = BUILT_PRODUCTS_DIR; };
		0FFCF4802A7FFE8800966B55 /* AppDelegate.swift */ = {isa = PBXFileReference; lastKnownFileType = sourcecode.swift; path = AppDelegate.swift; sourceTree = "<group>"; };
		0FFCF4822A7FFE8800966B55 /* SceneDelegate.swift */ = {isa = PBXFileReference; lastKnownFileType = sourcecode.swift; path = SceneDelegate.swift; sourceTree = "<group>"; };
		0FFCF4892A7FFE8900966B55 /* Assets.xcassets */ = {isa = PBXFileReference; lastKnownFileType = folder.assetcatalog; path = Assets.xcassets; sourceTree = "<group>"; };
		0FFCF48C2A7FFE8900966B55 /* Base */ = {isa = PBXFileReference; lastKnownFileType = file.storyboard; name = Base; path = Base.lproj/LaunchScreen.storyboard; sourceTree = "<group>"; };
		0FFCF48E2A7FFE8900966B55 /* Info.plist */ = {isa = PBXFileReference; lastKnownFileType = text.plist.xml; path = Info.plist; sourceTree = "<group>"; };
		0FFCF4932A7FFE8900966B55 /* ImageSearchTests.xctest */ = {isa = PBXFileReference; explicitFileType = wrapper.cfbundle; includeInIndex = 0; path = ImageSearchTests.xctest; sourceTree = BUILT_PRODUCTS_DIR; };
		0FFCF4972A7FFE8900966B55 /* ImageSearchTests.swift */ = {isa = PBXFileReference; lastKnownFileType = sourcecode.swift; path = ImageSearchTests.swift; sourceTree = "<group>"; };
		0FFCF49D2A7FFE8900966B55 /* ImageSearchUITests.xctest */ = {isa = PBXFileReference; explicitFileType = wrapper.cfbundle; includeInIndex = 0; path = ImageSearchUITests.xctest; sourceTree = BUILT_PRODUCTS_DIR; };
		0FFCF4A12A7FFE8900966B55 /* ImageSearchUITests.swift */ = {isa = PBXFileReference; lastKnownFileType = sourcecode.swift; path = ImageSearchUITests.swift; sourceTree = "<group>"; };
		0FFCF4A32A7FFE8900966B55 /* ImageSearchUITestsLaunchTests.swift */ = {isa = PBXFileReference; lastKnownFileType = sourcecode.swift; path = ImageSearchUITestsLaunchTests.swift; sourceTree = "<group>"; };
		0FFCF4B62A80041900966B55 /* Model.swift */ = {isa = PBXFileReference; lastKnownFileType = sourcecode.swift; path = Model.swift; sourceTree = "<group>"; };
		0FFCF4B92A8004C100966B55 /* State.swift */ = {isa = PBXFileReference; lastKnownFileType = sourcecode.swift; path = State.swift; sourceTree = "<group>"; };
		0FFCF4BD2A8006AC00966B55 /* LoadingListViewModel.swift */ = {isa = PBXFileReference; lastKnownFileType = sourcecode.swift; path = LoadingListViewModel.swift; sourceTree = "<group>"; };
		0FFCF4BF2A8006B800966B55 /* LoadingListState.swift */ = {isa = PBXFileReference; lastKnownFileType = sourcecode.swift; path = LoadingListState.swift; sourceTree = "<group>"; };
		0FFCF4C22A8008FA00966B55 /* Endpoint.swift */ = {isa = PBXFileReference; lastKnownFileType = sourcecode.swift; path = Endpoint.swift; sourceTree = "<group>"; };
		0FFCF4C42A80091100966B55 /* ApiService.swift */ = {isa = PBXFileReference; lastKnownFileType = sourcecode.swift; path = ApiService.swift; sourceTree = "<group>"; };
		0FFCF4C62A80092B00966B55 /* URLSessionApiService.swift */ = {isa = PBXFileReference; lastKnownFileType = sourcecode.swift; path = URLSessionApiService.swift; sourceTree = "<group>"; };
		0FFCF4C82A8009BF00966B55 /* FlickrEndpoint.swift */ = {isa = PBXFileReference; lastKnownFileType = sourcecode.swift; path = FlickrEndpoint.swift; sourceTree = "<group>"; };
		0FFCF4CA2A800A9F00966B55 /* MockApiService.swift */ = {isa = PBXFileReference; lastKnownFileType = sourcecode.swift; path = MockApiService.swift; sourceTree = "<group>"; };
/* End PBXFileReference section */

/* Begin PBXFrameworksBuildPhase section */
		0FFCF47A2A7FFE8800966B55 /* Frameworks */ = {
			isa = PBXFrameworksBuildPhase;
			buildActionMask = 2147483647;
			files = (
			);
			runOnlyForDeploymentPostprocessing = 0;
		};
		0FFCF4902A7FFE8900966B55 /* Frameworks */ = {
			isa = PBXFrameworksBuildPhase;
			buildActionMask = 2147483647;
			files = (
			);
			runOnlyForDeploymentPostprocessing = 0;
		};
		0FFCF49A2A7FFE8900966B55 /* Frameworks */ = {
			isa = PBXFrameworksBuildPhase;
			buildActionMask = 2147483647;
			files = (
			);
			runOnlyForDeploymentPostprocessing = 0;
		};
/* End PBXFrameworksBuildPhase section */

/* Begin PBXGroup section */
		0FFCF4742A7FFE8800966B55 = {
			isa = PBXGroup;
			children = (
				0FFCF47F2A7FFE8800966B55 /* ImageSearch */,
				0FFCF4962A7FFE8900966B55 /* ImageSearchTests */,
				0FFCF4A02A7FFE8900966B55 /* ImageSearchUITests */,
				0FFCF47E2A7FFE8800966B55 /* Products */,
			);
			sourceTree = "<group>";
		};
		0FFCF47E2A7FFE8800966B55 /* Products */ = {
			isa = PBXGroup;
			children = (
				0FFCF47D2A7FFE8800966B55 /* ImageSearch.app */,
				0FFCF4932A7FFE8900966B55 /* ImageSearchTests.xctest */,
				0FFCF49D2A7FFE8900966B55 /* ImageSearchUITests.xctest */,
			);
			name = Products;
			sourceTree = "<group>";
		};
		0FFCF47F2A7FFE8800966B55 /* ImageSearch */ = {
			isa = PBXGroup;
			children = (
				0FFCF4B02A7FFEEF00966B55 /* Feature */,
				0FFCF4B22A7FFF0100966B55 /* Shared */,
				0FFCF4802A7FFE8800966B55 /* AppDelegate.swift */,
				0FFCF4822A7FFE8800966B55 /* SceneDelegate.swift */,
				0FFCF4892A7FFE8900966B55 /* Assets.xcassets */,
				0FFCF48B2A7FFE8900966B55 /* LaunchScreen.storyboard */,
				0FFCF48E2A7FFE8900966B55 /* Info.plist */,
			);
			path = ImageSearch;
			sourceTree = "<group>";
		};
		0FFCF4962A7FFE8900966B55 /* ImageSearchTests */ = {
			isa = PBXGroup;
			children = (
				0FFCF4CC2A800E4B00966B55 /* Mocks */,
				0FFCF4972A7FFE8900966B55 /* ImageSearchTests.swift */,
			);
			path = ImageSearchTests;
			sourceTree = "<group>";
		};
		0FFCF4A02A7FFE8900966B55 /* ImageSearchUITests */ = {
			isa = PBXGroup;
			children = (
				0FFCF4A12A7FFE8900966B55 /* ImageSearchUITests.swift */,
				0FFCF4A32A7FFE8900966B55 /* ImageSearchUITestsLaunchTests.swift */,
			);
			path = ImageSearchUITests;
			sourceTree = "<group>";
		};
		0FFCF4B02A7FFEEF00966B55 /* Feature */ = {
			isa = PBXGroup;
			children = (
				0FFCF4B12A7FFEF300966B55 /* ImageSearch */,
			);
			path = Feature;
			sourceTree = "<group>";
		};
		0FFCF4B12A7FFEF300966B55 /* ImageSearch */ = {
			isa = PBXGroup;
			children = (
			);
			path = ImageSearch;
			sourceTree = "<group>";
		};
		0FFCF4B22A7FFF0100966B55 /* Shared */ = {
			isa = PBXGroup;
			children = (
				0FFCF4C12A8008DE00966B55 /* Api */,
				0FFCF4B52A8003E300966B55 /* Model */,
				0FFCF4B82A8004A200966B55 /* State */,
				0FFCF4BB2A80069500966B55 /* ViewModel */,
			);
			path = Shared;
			sourceTree = "<group>";
		};
		0FFCF4B52A8003E300966B55 /* Model */ = {
			isa = PBXGroup;
			children = (
				0FFCF4B62A80041900966B55 /* Model.swift */,
			);
			path = Model;
			sourceTree = "<group>";
		};
		0FFCF4B82A8004A200966B55 /* State */ = {
			isa = PBXGroup;
			children = (
				0FFCF4B92A8004C100966B55 /* State.swift */,
			);
			path = State;
			sourceTree = "<group>";
		};
		0FFCF4BB2A80069500966B55 /* ViewModel */ = {
			isa = PBXGroup;
			children = (
				0FFCF4BC2A80069F00966B55 /* LoadingListViewModel */,
			);
			path = ViewModel;
			sourceTree = "<group>";
		};
		0FFCF4BC2A80069F00966B55 /* LoadingListViewModel */ = {
			isa = PBXGroup;
			children = (
				0FFCF4BF2A8006B800966B55 /* LoadingListState.swift */,
				0FFCF4BD2A8006AC00966B55 /* LoadingListViewModel.swift */,
			);
			path = LoadingListViewModel;
			sourceTree = "<group>";
		};
		0FFCF4C12A8008DE00966B55 /* Api */ = {
			isa = PBXGroup;
			children = (
				0FFCF4C22A8008FA00966B55 /* Endpoint.swift */,
				0FFCF4C82A8009BF00966B55 /* FlickrEndpoint.swift */,
				0FFCF4C42A80091100966B55 /* ApiService.swift */,
				0FFCF4C62A80092B00966B55 /* URLSessionApiService.swift */,
			);
			path = Api;
			sourceTree = "<group>";
		};
		0FFCF4CC2A800E4B00966B55 /* Mocks */ = {
			isa = PBXGroup;
			children = (
				0FFCF4CA2A800A9F00966B55 /* MockApiService.swift */,
			);
			path = Mocks;
			sourceTree = "<group>";
		};
/* End PBXGroup section */

/* Begin PBXNativeTarget section */
		0FFCF47C2A7FFE8800966B55 /* ImageSearch */ = {
			isa = PBXNativeTarget;
			buildConfigurationList = 0FFCF4A72A7FFE8900966B55 /* Build configuration list for PBXNativeTarget "ImageSearch" */;
			buildPhases = (
				0FFCF4B32A8001F400966B55 /* ShellScript */,
				0FFCF4792A7FFE8800966B55 /* Sources */,
				0FFCF47A2A7FFE8800966B55 /* Frameworks */,
				0FFCF47B2A7FFE8800966B55 /* Resources */,
			);
			buildRules = (
			);
			dependencies = (
			);
			name = ImageSearch;
			productName = "image-search";
			productReference = 0FFCF47D2A7FFE8800966B55 /* ImageSearch.app */;
			productType = "com.apple.product-type.application";
		};
		0FFCF4922A7FFE8900966B55 /* ImageSearchTests */ = {
			isa = PBXNativeTarget;
			buildConfigurationList = 0FFCF4AA2A7FFE8900966B55 /* Build configuration list for PBXNativeTarget "ImageSearchTests" */;
			buildPhases = (
				0FFCF48F2A7FFE8900966B55 /* Sources */,
				0FFCF4902A7FFE8900966B55 /* Frameworks */,
				0FFCF4912A7FFE8900966B55 /* Resources */,
			);
			buildRules = (
			);
			dependencies = (
				0FFCF4952A7FFE8900966B55 /* PBXTargetDependency */,
			);
			name = ImageSearchTests;
			productName = "image-searchTests";
			productReference = 0FFCF4932A7FFE8900966B55 /* ImageSearchTests.xctest */;
			productType = "com.apple.product-type.bundle.unit-test";
		};
		0FFCF49C2A7FFE8900966B55 /* ImageSearchUITests */ = {
			isa = PBXNativeTarget;
			buildConfigurationList = 0FFCF4AD2A7FFE8900966B55 /* Build configuration list for PBXNativeTarget "ImageSearchUITests" */;
			buildPhases = (
				0FFCF4992A7FFE8900966B55 /* Sources */,
				0FFCF49A2A7FFE8900966B55 /* Frameworks */,
				0FFCF49B2A7FFE8900966B55 /* Resources */,
			);
			buildRules = (
			);
			dependencies = (
				0FFCF49F2A7FFE8900966B55 /* PBXTargetDependency */,
			);
			name = ImageSearchUITests;
			productName = "image-searchUITests";
			productReference = 0FFCF49D2A7FFE8900966B55 /* ImageSearchUITests.xctest */;
			productType = "com.apple.product-type.bundle.ui-testing";
		};
/* End PBXNativeTarget section */

/* Begin PBXProject section */
		0FFCF4752A7FFE8800966B55 /* Project object */ = {
			isa = PBXProject;
			attributes = {
				BuildIndependentTargetsInParallel = 1;
				LastSwiftUpdateCheck = 1430;
				LastUpgradeCheck = 1430;
				TargetAttributes = {
					0FFCF47C2A7FFE8800966B55 = {
						CreatedOnToolsVersion = 14.3.1;
					};
					0FFCF4922A7FFE8900966B55 = {
						CreatedOnToolsVersion = 14.3.1;
						TestTargetID = 0FFCF47C2A7FFE8800966B55;
					};
					0FFCF49C2A7FFE8900966B55 = {
						CreatedOnToolsVersion = 14.3.1;
						TestTargetID = 0FFCF47C2A7FFE8800966B55;
					};
				};
			};
			buildConfigurationList = 0FFCF4782A7FFE8800966B55 /* Build configuration list for PBXProject "ImageSearch" */;
			compatibilityVersion = "Xcode 14.0";
			developmentRegion = en;
			hasScannedForEncodings = 0;
			knownRegions = (
				en,
				Base,
			);
			mainGroup = 0FFCF4742A7FFE8800966B55;
			productRefGroup = 0FFCF47E2A7FFE8800966B55 /* Products */;
			projectDirPath = "";
			projectRoot = "";
			targets = (
				0FFCF47C2A7FFE8800966B55 /* ImageSearch */,
				0FFCF4922A7FFE8900966B55 /* ImageSearchTests */,
				0FFCF49C2A7FFE8900966B55 /* ImageSearchUITests */,
			);
		};
/* End PBXProject section */

/* Begin PBXResourcesBuildPhase section */
		0FFCF47B2A7FFE8800966B55 /* Resources */ = {
			isa = PBXResourcesBuildPhase;
			buildActionMask = 2147483647;
			files = (
				0FFCF48D2A7FFE8900966B55 /* LaunchScreen.storyboard in Resources */,
				0FFCF48A2A7FFE8900966B55 /* Assets.xcassets in Resources */,
			);
			runOnlyForDeploymentPostprocessing = 0;
		};
		0FFCF4912A7FFE8900966B55 /* Resources */ = {
			isa = PBXResourcesBuildPhase;
			buildActionMask = 2147483647;
			files = (
			);
			runOnlyForDeploymentPostprocessing = 0;
		};
		0FFCF49B2A7FFE8900966B55 /* Resources */ = {
			isa = PBXResourcesBuildPhase;
			buildActionMask = 2147483647;
			files = (
			);
			runOnlyForDeploymentPostprocessing = 0;
		};
/* End PBXResourcesBuildPhase section */

/* Begin PBXShellScriptBuildPhase section */
		0FFCF4B32A8001F400966B55 /* ShellScript */ = {
			isa = PBXShellScriptBuildPhase;
			alwaysOutOfDate = 1;
			buildActionMask = 2147483647;
			files = (
			);
			inputFileListPaths = (
			);
			inputPaths = (
			);
			outputFileListPaths = (
			);
			outputPaths = (
			);
			runOnlyForDeploymentPostprocessing = 0;
			shellPath = /bin/sh;
			shellScript = "if [[ \"$(uname -m)\" == arm64 ]]; then\n    export PATH=\"/opt/homebrew/bin:$PATH\"\nfi\n\nif which swiftlint > /dev/null; then\n  swiftlint\nelse\n  echo \"warning: SwiftLint not installed, download from https://github.com/realm/SwiftLint\"\nfi\n";
		};
/* End PBXShellScriptBuildPhase section */

/* Begin PBXSourcesBuildPhase section */
		0FFCF4792A7FFE8800966B55 /* Sources */ = {
			isa = PBXSourcesBuildPhase;
			buildActionMask = 2147483647;
			files = (
				0FFCF4C92A8009BF00966B55 /* FlickrEndpoint.swift in Sources */,
				0FFCF4C32A8008FA00966B55 /* Endpoint.swift in Sources */,
				0FFCF4C02A8006B800966B55 /* LoadingListState.swift in Sources */,
				0FFCF4B72A80041900966B55 /* Model.swift in Sources */,
				0FFCF4812A7FFE8800966B55 /* AppDelegate.swift in Sources */,
				0FFCF4832A7FFE8800966B55 /* SceneDelegate.swift in Sources */,
				0FFCF4C72A80092B00966B55 /* URLSessionApiService.swift in Sources */,
				0FFCF4BA2A8004C100966B55 /* State.swift in Sources */,
				0FFCF4C52A80091100966B55 /* ApiService.swift in Sources */,
				0FFCF4BE2A8006AC00966B55 /* LoadingListViewModel.swift in Sources */,
			);
			runOnlyForDeploymentPostprocessing = 0;
		};
		0FFCF48F2A7FFE8900966B55 /* Sources */ = {
			isa = PBXSourcesBuildPhase;
			buildActionMask = 2147483647;
			files = (
				0FFCF4CD2A800EA300966B55 /* MockApiService.swift in Sources */,
				0FFCF4982A7FFE8900966B55 /* ImageSearchTests.swift in Sources */,
			);
			runOnlyForDeploymentPostprocessing = 0;
		};
		0FFCF4992A7FFE8900966B55 /* Sources */ = {
			isa = PBXSourcesBuildPhase;
			buildActionMask = 2147483647;
			files = (
				0FFCF4A42A7FFE8900966B55 /* ImageSearchUITestsLaunchTests.swift in Sources */,
				0FFCF4A22A7FFE8900966B55 /* ImageSearchUITests.swift in Sources */,
			);
			runOnlyForDeploymentPostprocessing = 0;
		};
/* End PBXSourcesBuildPhase section */

/* Begin PBXTargetDependency section */
		0FFCF4952A7FFE8900966B55 /* PBXTargetDependency */ = {
			isa = PBXTargetDependency;
			target = 0FFCF47C2A7FFE8800966B55 /* ImageSearch */;
			targetProxy = 0FFCF4942A7FFE8900966B55 /* PBXContainerItemProxy */;
		};
		0FFCF49F2A7FFE8900966B55 /* PBXTargetDependency */ = {
			isa = PBXTargetDependency;
			target = 0FFCF47C2A7FFE8800966B55 /* ImageSearch */;
			targetProxy = 0FFCF49E2A7FFE8900966B55 /* PBXContainerItemProxy */;
		};
/* End PBXTargetDependency section */

/* Begin PBXVariantGroup section */
		0FFCF48B2A7FFE8900966B55 /* LaunchScreen.storyboard */ = {
			isa = PBXVariantGroup;
			children = (
				0FFCF48C2A7FFE8900966B55 /* Base */,
			);
			name = LaunchScreen.storyboard;
			sourceTree = "<group>";
		};
/* End PBXVariantGroup section */

/* Begin XCBuildConfiguration section */
		0FFCF4A52A7FFE8900966B55 /* Debug */ = {
			isa = XCBuildConfiguration;
			buildSettings = {
				ALWAYS_SEARCH_USER_PATHS = NO;
				CLANG_ANALYZER_NONNULL = YES;
				CLANG_ANALYZER_NUMBER_OBJECT_CONVERSION = YES_AGGRESSIVE;
				CLANG_CXX_LANGUAGE_STANDARD = "gnu++20";
				CLANG_ENABLE_MODULES = YES;
				CLANG_ENABLE_OBJC_ARC = YES;
				CLANG_ENABLE_OBJC_WEAK = YES;
				CLANG_WARN_BLOCK_CAPTURE_AUTORELEASING = YES;
				CLANG_WARN_BOOL_CONVERSION = YES;
				CLANG_WARN_COMMA = YES;
				CLANG_WARN_CONSTANT_CONVERSION = YES;
				CLANG_WARN_DEPRECATED_OBJC_IMPLEMENTATIONS = YES;
				CLANG_WARN_DIRECT_OBJC_ISA_USAGE = YES_ERROR;
				CLANG_WARN_DOCUMENTATION_COMMENTS = YES;
				CLANG_WARN_EMPTY_BODY = YES;
				CLANG_WARN_ENUM_CONVERSION = YES;
				CLANG_WARN_INFINITE_RECURSION = YES;
				CLANG_WARN_INT_CONVERSION = YES;
				CLANG_WARN_NON_LITERAL_NULL_CONVERSION = YES;
				CLANG_WARN_OBJC_IMPLICIT_RETAIN_SELF = YES;
				CLANG_WARN_OBJC_LITERAL_CONVERSION = YES;
				CLANG_WARN_OBJC_ROOT_CLASS = YES_ERROR;
				CLANG_WARN_QUOTED_INCLUDE_IN_FRAMEWORK_HEADER = YES;
				CLANG_WARN_RANGE_LOOP_ANALYSIS = YES;
				CLANG_WARN_STRICT_PROTOTYPES = YES;
				CLANG_WARN_SUSPICIOUS_MOVE = YES;
				CLANG_WARN_UNGUARDED_AVAILABILITY = YES_AGGRESSIVE;
				CLANG_WARN_UNREACHABLE_CODE = YES;
				CLANG_WARN__DUPLICATE_METHOD_MATCH = YES;
				COPY_PHASE_STRIP = NO;
				DEBUG_INFORMATION_FORMAT = dwarf;
				ENABLE_STRICT_OBJC_MSGSEND = YES;
				ENABLE_TESTABILITY = YES;
				GCC_C_LANGUAGE_STANDARD = gnu11;
				GCC_DYNAMIC_NO_PIC = NO;
				GCC_NO_COMMON_BLOCKS = YES;
				GCC_OPTIMIZATION_LEVEL = 0;
				GCC_PREPROCESSOR_DEFINITIONS = (
					"DEBUG=1",
					"$(inherited)",
				);
				GCC_WARN_64_TO_32_BIT_CONVERSION = YES;
				GCC_WARN_ABOUT_RETURN_TYPE = YES_ERROR;
				GCC_WARN_UNDECLARED_SELECTOR = YES;
				GCC_WARN_UNINITIALIZED_AUTOS = YES_AGGRESSIVE;
				GCC_WARN_UNUSED_FUNCTION = YES;
				GCC_WARN_UNUSED_VARIABLE = YES;
				IPHONEOS_DEPLOYMENT_TARGET = 16.4;
				MTL_ENABLE_DEBUG_INFO = INCLUDE_SOURCE;
				MTL_FAST_MATH = YES;
				ONLY_ACTIVE_ARCH = YES;
				SDKROOT = iphoneos;
				SWIFT_ACTIVE_COMPILATION_CONDITIONS = DEBUG;
				SWIFT_OPTIMIZATION_LEVEL = "-Onone";
			};
			name = Debug;
		};
		0FFCF4A62A7FFE8900966B55 /* Release */ = {
			isa = XCBuildConfiguration;
			buildSettings = {
				ALWAYS_SEARCH_USER_PATHS = NO;
				CLANG_ANALYZER_NONNULL = YES;
				CLANG_ANALYZER_NUMBER_OBJECT_CONVERSION = YES_AGGRESSIVE;
				CLANG_CXX_LANGUAGE_STANDARD = "gnu++20";
				CLANG_ENABLE_MODULES = YES;
				CLANG_ENABLE_OBJC_ARC = YES;
				CLANG_ENABLE_OBJC_WEAK = YES;
				CLANG_WARN_BLOCK_CAPTURE_AUTORELEASING = YES;
				CLANG_WARN_BOOL_CONVERSION = YES;
				CLANG_WARN_COMMA = YES;
				CLANG_WARN_CONSTANT_CONVERSION = YES;
				CLANG_WARN_DEPRECATED_OBJC_IMPLEMENTATIONS = YES;
				CLANG_WARN_DIRECT_OBJC_ISA_USAGE = YES_ERROR;
				CLANG_WARN_DOCUMENTATION_COMMENTS = YES;
				CLANG_WARN_EMPTY_BODY = YES;
				CLANG_WARN_ENUM_CONVERSION = YES;
				CLANG_WARN_INFINITE_RECURSION = YES;
				CLANG_WARN_INT_CONVERSION = YES;
				CLANG_WARN_NON_LITERAL_NULL_CONVERSION = YES;
				CLANG_WARN_OBJC_IMPLICIT_RETAIN_SELF = YES;
				CLANG_WARN_OBJC_LITERAL_CONVERSION = YES;
				CLANG_WARN_OBJC_ROOT_CLASS = YES_ERROR;
				CLANG_WARN_QUOTED_INCLUDE_IN_FRAMEWORK_HEADER = YES;
				CLANG_WARN_RANGE_LOOP_ANALYSIS = YES;
				CLANG_WARN_STRICT_PROTOTYPES = YES;
				CLANG_WARN_SUSPICIOUS_MOVE = YES;
				CLANG_WARN_UNGUARDED_AVAILABILITY = YES_AGGRESSIVE;
				CLANG_WARN_UNREACHABLE_CODE = YES;
				CLANG_WARN__DUPLICATE_METHOD_MATCH = YES;
				COPY_PHASE_STRIP = NO;
				DEBUG_INFORMATION_FORMAT = "dwarf-with-dsym";
				ENABLE_NS_ASSERTIONS = NO;
				ENABLE_STRICT_OBJC_MSGSEND = YES;
				GCC_C_LANGUAGE_STANDARD = gnu11;
				GCC_NO_COMMON_BLOCKS = YES;
				GCC_WARN_64_TO_32_BIT_CONVERSION = YES;
				GCC_WARN_ABOUT_RETURN_TYPE = YES_ERROR;
				GCC_WARN_UNDECLARED_SELECTOR = YES;
				GCC_WARN_UNINITIALIZED_AUTOS = YES_AGGRESSIVE;
				GCC_WARN_UNUSED_FUNCTION = YES;
				GCC_WARN_UNUSED_VARIABLE = YES;
				IPHONEOS_DEPLOYMENT_TARGET = 16.4;
				MTL_ENABLE_DEBUG_INFO = NO;
				MTL_FAST_MATH = YES;
				SDKROOT = iphoneos;
				SWIFT_COMPILATION_MODE = wholemodule;
				SWIFT_OPTIMIZATION_LEVEL = "-O";
				VALIDATE_PRODUCT = YES;
			};
			name = Release;
		};
		0FFCF4A82A7FFE8900966B55 /* Debug */ = {
			isa = XCBuildConfiguration;
			buildSettings = {
				ASSETCATALOG_COMPILER_APPICON_NAME = AppIcon;
				ASSETCATALOG_COMPILER_GLOBAL_ACCENT_COLOR_NAME = AccentColor;
				CODE_SIGN_STYLE = Automatic;
				CURRENT_PROJECT_VERSION = 1;
				DEVELOPMENT_TEAM = S7SG3U6WCA;
				GENERATE_INFOPLIST_FILE = YES;
				INFOPLIST_FILE = ImageSearch/Info.plist;
				INFOPLIST_KEY_UIApplicationSupportsIndirectInputEvents = YES;
				INFOPLIST_KEY_UILaunchStoryboardName = LaunchScreen;
				INFOPLIST_KEY_UISupportedInterfaceOrientations_iPad = "UIInterfaceOrientationPortrait UIInterfaceOrientationPortraitUpsideDown UIInterfaceOrientationLandscapeLeft UIInterfaceOrientationLandscapeRight";
				INFOPLIST_KEY_UISupportedInterfaceOrientations_iPhone = "UIInterfaceOrientationPortrait UIInterfaceOrientationLandscapeLeft UIInterfaceOrientationLandscapeRight";
				IPHONEOS_DEPLOYMENT_TARGET = 14.0;
				LD_RUNPATH_SEARCH_PATHS = (
					"$(inherited)",
					"@executable_path/Frameworks",
				);
				MARKETING_VERSION = 1.0;
				PRODUCT_BUNDLE_IDENTIFIER = "xyz.etotot.assignment.image-search";
				PRODUCT_NAME = "$(TARGET_NAME)";
				SWIFT_EMIT_LOC_STRINGS = YES;
				SWIFT_VERSION = 5.0;
				TARGETED_DEVICE_FAMILY = "1,2";
			};
			name = Debug;
		};
		0FFCF4A92A7FFE8900966B55 /* Release */ = {
			isa = XCBuildConfiguration;
			buildSettings = {
				ASSETCATALOG_COMPILER_APPICON_NAME = AppIcon;
				ASSETCATALOG_COMPILER_GLOBAL_ACCENT_COLOR_NAME = AccentColor;
				CODE_SIGN_STYLE = Automatic;
				CURRENT_PROJECT_VERSION = 1;
				DEVELOPMENT_TEAM = S7SG3U6WCA;
				GENERATE_INFOPLIST_FILE = YES;
				INFOPLIST_FILE = ImageSearch/Info.plist;
				INFOPLIST_KEY_UIApplicationSupportsIndirectInputEvents = YES;
				INFOPLIST_KEY_UILaunchStoryboardName = LaunchScreen;
				INFOPLIST_KEY_UISupportedInterfaceOrientations_iPad = "UIInterfaceOrientationPortrait UIInterfaceOrientationPortraitUpsideDown UIInterfaceOrientationLandscapeLeft UIInterfaceOrientationLandscapeRight";
				INFOPLIST_KEY_UISupportedInterfaceOrientations_iPhone = "UIInterfaceOrientationPortrait UIInterfaceOrientationLandscapeLeft UIInterfaceOrientationLandscapeRight";
				IPHONEOS_DEPLOYMENT_TARGET = 14.0;
				LD_RUNPATH_SEARCH_PATHS = (
					"$(inherited)",
					"@executable_path/Frameworks",
				);
				MARKETING_VERSION = 1.0;
				PRODUCT_BUNDLE_IDENTIFIER = "xyz.etotot.assignment.image-search";
				PRODUCT_NAME = "$(TARGET_NAME)";
				SWIFT_EMIT_LOC_STRINGS = YES;
				SWIFT_VERSION = 5.0;
				TARGETED_DEVICE_FAMILY = "1,2";
			};
			name = Release;
		};
		0FFCF4AB2A7FFE8900966B55 /* Debug */ = {
			isa = XCBuildConfiguration;
			buildSettings = {
				ALWAYS_EMBED_SWIFT_STANDARD_LIBRARIES = YES;
				BUNDLE_LOADER = "$(TEST_HOST)";
				CODE_SIGN_STYLE = Automatic;
				CURRENT_PROJECT_VERSION = 1;
				DEVELOPMENT_TEAM = S7SG3U6WCA;
				GENERATE_INFOPLIST_FILE = YES;
				IPHONEOS_DEPLOYMENT_TARGET = 16.4;
				MARKETING_VERSION = 1.0;
				PRODUCT_BUNDLE_IDENTIFIER = "xyz.etotot.assignment.image-searchTests";
				PRODUCT_NAME = "$(TARGET_NAME)";
				SWIFT_EMIT_LOC_STRINGS = NO;
				SWIFT_VERSION = 5.0;
				TARGETED_DEVICE_FAMILY = "1,2";
				TEST_HOST = "$(BUILT_PRODUCTS_DIR)/ImageSearch.app/$(BUNDLE_EXECUTABLE_FOLDER_PATH)/ImageSearch";
			};
			name = Debug;
		};
		0FFCF4AC2A7FFE8900966B55 /* Release */ = {
			isa = XCBuildConfiguration;
			buildSettings = {
				ALWAYS_EMBED_SWIFT_STANDARD_LIBRARIES = YES;
				BUNDLE_LOADER = "$(TEST_HOST)";
				CODE_SIGN_STYLE = Automatic;
				CURRENT_PROJECT_VERSION = 1;
				DEVELOPMENT_TEAM = S7SG3U6WCA;
				GENERATE_INFOPLIST_FILE = YES;
				IPHONEOS_DEPLOYMENT_TARGET = 16.4;
				MARKETING_VERSION = 1.0;
				PRODUCT_BUNDLE_IDENTIFIER = "xyz.etotot.assignment.image-searchTests";
				PRODUCT_NAME = "$(TARGET_NAME)";
				SWIFT_EMIT_LOC_STRINGS = NO;
				SWIFT_VERSION = 5.0;
				TARGETED_DEVICE_FAMILY = "1,2";
				TEST_HOST = "$(BUILT_PRODUCTS_DIR)/ImageSearch.app/$(BUNDLE_EXECUTABLE_FOLDER_PATH)/ImageSearch";
			};
			name = Release;
		};
		0FFCF4AE2A7FFE8900966B55 /* Debug */ = {
			isa = XCBuildConfiguration;
			buildSettings = {
				ALWAYS_EMBED_SWIFT_STANDARD_LIBRARIES = YES;
				CODE_SIGN_STYLE = Automatic;
				CURRENT_PROJECT_VERSION = 1;
				DEVELOPMENT_TEAM = S7SG3U6WCA;
				GENERATE_INFOPLIST_FILE = YES;
				MARKETING_VERSION = 1.0;
				PRODUCT_BUNDLE_IDENTIFIER = "xyz.etotot.assignment.image-searchUITests";
				PRODUCT_NAME = "$(TARGET_NAME)";
				SWIFT_EMIT_LOC_STRINGS = NO;
				SWIFT_VERSION = 5.0;
				TARGETED_DEVICE_FAMILY = "1,2";
				TEST_TARGET_NAME = "image-search";
			};
			name = Debug;
		};
		0FFCF4AF2A7FFE8900966B55 /* Release */ = {
			isa = XCBuildConfiguration;
			buildSettings = {
				ALWAYS_EMBED_SWIFT_STANDARD_LIBRARIES = YES;
				CODE_SIGN_STYLE = Automatic;
				CURRENT_PROJECT_VERSION = 1;
				DEVELOPMENT_TEAM = S7SG3U6WCA;
				GENERATE_INFOPLIST_FILE = YES;
				MARKETING_VERSION = 1.0;
				PRODUCT_BUNDLE_IDENTIFIER = "xyz.etotot.assignment.image-searchUITests";
				PRODUCT_NAME = "$(TARGET_NAME)";
				SWIFT_EMIT_LOC_STRINGS = NO;
				SWIFT_VERSION = 5.0;
				TARGETED_DEVICE_FAMILY = "1,2";
				TEST_TARGET_NAME = "image-search";
			};
			name = Release;
		};
/* End XCBuildConfiguration section */

/* Begin XCConfigurationList section */
		0FFCF4782A7FFE8800966B55 /* Build configuration list for PBXProject "ImageSearch" */ = {
			isa = XCConfigurationList;
			buildConfigurations = (
				0FFCF4A52A7FFE8900966B55 /* Debug */,
				0FFCF4A62A7FFE8900966B55 /* Release */,
			);
			defaultConfigurationIsVisible = 0;
			defaultConfigurationName = Release;
		};
		0FFCF4A72A7FFE8900966B55 /* Build configuration list for PBXNativeTarget "ImageSearch" */ = {
			isa = XCConfigurationList;
			buildConfigurations = (
				0FFCF4A82A7FFE8900966B55 /* Debug */,
				0FFCF4A92A7FFE8900966B55 /* Release */,
			);
			defaultConfigurationIsVisible = 0;
			defaultConfigurationName = Release;
		};
		0FFCF4AA2A7FFE8900966B55 /* Build configuration list for PBXNativeTarget "ImageSearchTests" */ = {
			isa = XCConfigurationList;
			buildConfigurations = (
				0FFCF4AB2A7FFE8900966B55 /* Debug */,
				0FFCF4AC2A7FFE8900966B55 /* Release */,
			);
			defaultConfigurationIsVisible = 0;
			defaultConfigurationName = Release;
		};
		0FFCF4AD2A7FFE8900966B55 /* Build configuration list for PBXNativeTarget "ImageSearchUITests" */ = {
			isa = XCConfigurationList;
			buildConfigurations = (
				0FFCF4AE2A7FFE8900966B55 /* Debug */,
				0FFCF4AF2A7FFE8900966B55 /* Release */,
			);
			defaultConfigurationIsVisible = 0;
			defaultConfigurationName = Release;
		};
/* End XCConfigurationList section */
	};
	rootObject = 0FFCF4752A7FFE8800966B55 /* Project object */;
}
